{
  "name": "dependabot-automation",
  "lockfileVersion": 3,
  "requires": true,
  "packages": {
    "": {
      "name": "dependabot-automation",
      "dependencies": {
        "toml": "4.1.1"
      },
      "engines": {
        "node": ">=24"
      }
    },
    "node_modules/toml": {
      "version": "4.1.1",
      "resolved": "https://registry.npmjs.org/toml/-/toml-4.1.1.tgz",
      "integrity": "sha512-EBJnVBr3dTXdA89WVFoAIPUqkBjxPMwRqsfuo1r240tKFHXv3zgca4+NJib/h6TyvGF7vOawz0jGuryJCdNHrw==",
      "license": "MIT",
      "engines": {
        "node": ">=20"
      }
    }
  }
}
